// !$*UTF8*$!
{
	archiveVersion = 1;
	classes = {
	};
	objectVersion = 46;
	objects = {

/* Begin PBXBuildFile section */
		B53D62D9184462D000005502 /* CsBackEnd.cpp in Sources */ = {isa = PBXBuildFile; fileRef = B53D62D7184462D000005502 /* CsBackEnd.cpp */; };
		B53D62DC18446E7500005502 /* Bloques.cpp in Sources */ = {isa = PBXBuildFile; fileRef = B53D62DA18446E7500005502 /* Bloques.cpp */; };
		B53D62DF1844879000005502 /* CCursor.cpp in Sources */ = {isa = PBXBuildFile; fileRef = B53D62DD1844879000005502 /* CCursor.cpp */; };
		B53D62E2184490C000005502 /* CEntrada.cpp in Sources */ = {isa = PBXBuildFile; fileRef = B53D62E0184490C000005502 /* CEntrada.cpp */; };
		B5534150184EDA9E0095D33A /* CLFiguras.c in Sources */ = {isa = PBXBuildFile; fileRef = B553414F184EDA9E0095D33A /* CLFiguras.c */; };
		B5706FEA1843D439004A0628 /* CoreGame.cpp in Sources */ = {isa = PBXBuildFile; fileRef = B5706FE81843D439004A0628 /* CoreGame.cpp */; };
		B5706FED1843D468004A0628 /* CCamara.cpp in Sources */ = {isa = PBXBuildFile; fileRef = B5706FEB1843D468004A0628 /* CCamara.cpp */; };
		B57070D61843D628004A0628 /* graphic_engine.c in Sources */ = {isa = PBXBuildFile; fileRef = B57070D41843D628004A0628 /* graphic_engine.c */; };
		B57070D91843D641004A0628 /* ShaderManager.cpp in Sources */ = {isa = PBXBuildFile; fileRef = B57070D71843D641004A0628 /* ShaderManager.cpp */; };
		B57070DC1843D7B1004A0628 /* BlockTest.cpp in Sources */ = {isa = PBXBuildFile; fileRef = B57070DA1843D7B1004A0628 /* BlockTest.cpp */; };
		B57070DF1843D7D7004A0628 /* Renderable.cpp in Sources */ = {isa = PBXBuildFile; fileRef = B57070DD1843D7D7004A0628 /* Renderable.cpp */; };
		B57070E11843DAAD004A0628 /* IOKit.framework in Frameworks */ = {isa = PBXBuildFile; fileRef = B57070E01843DAAD004A0628 /* IOKit.framework */; };
		B57070E31843DAB3004A0628 /* OpenGL.framework in Frameworks */ = {isa = PBXBuildFile; fileRef = B57070E21843DAB3004A0628 /* OpenGL.framework */; };
		B57070E51843DAB9004A0628 /* Cocoa.framework in Frameworks */ = {isa = PBXBuildFile; fileRef = B57070E41843DAB9004A0628 /* Cocoa.framework */; };
		B57070F41843E936004A0628 /* BlockEngine.cpp in Sources */ = {isa = PBXBuildFile; fileRef = B57070F21843E936004A0628 /* BlockEngine.cpp */; };
		B57070F71843F066004A0628 /* CsTexturas.cpp in Sources */ = {isa = PBXBuildFile; fileRef = B57070F51843F066004A0628 /* CsTexturas.cpp */; };
		B57070FB1843F3DA004A0628 /* lodepng.cpp in Sources */ = {isa = PBXBuildFile; fileRef = B57070F91843F17B004A0628 /* lodepng.cpp */; };
		B57070FE1843F478004A0628 /* BackGround.cpp in Sources */ = {isa = PBXBuildFile; fileRef = B57070FC1843F478004A0628 /* BackGround.cpp */; };
		B57071011843FD4F004A0628 /* config_manager.c in Sources */ = {isa = PBXBuildFile; fileRef = B57071001843FD4F004A0628 /* config_manager.c */; };
		B5BEF36F1843D32D0092D804 /* main.cpp in Sources */ = {isa = PBXBuildFile; fileRef = B5BEF36E1843D32D0092D804 /* main.cpp */; };
		B5BEF3711843D32D0092D804 /* Game01.1 in CopyFiles */ = {isa = PBXBuildFile; fileRef = B5BEF3701843D32D0092D804 /* Game01.1 */; };
		B5C629BC1844ECF400DF5E49 /* CSimpleIntegrator.cpp in Sources */ = {isa = PBXBuildFile; fileRef = B5C629BA1844ECF400DF5E49 /* CSimpleIntegrator.cpp */; };
		B5CED1D41843FE0C00F666E3 /* utilidades.c in Sources */ = {isa = PBXBuildFile; fileRef = B5CED1D31843FE0C00F666E3 /* utilidades.c */; };
		B5DB9912184DA9830064135F /* CLVector2DLib.c in Sources */ = {isa = PBXBuildFile; fileRef = B5DB9911184DA9830064135F /* CLVector2DLib.c */; };
		B5DB9914184DAF0F0064135F /* CLFObjetos.c in Sources */ = {isa = PBXBuildFile; fileRef = B5DB9913184DAF0F0064135F /* CLFObjetos.c */; };
		B5DB9918184DC9BA0064135F /* CLFColision.c in Sources */ = {isa = PBXBuildFile; fileRef = B5DB9917184DC9BA0064135F /* CLFColision.c */; };
/* End PBXBuildFile section */

/* Begin PBXCopyFilesBuildPhase section */
		B5BEF3691843D32D0092D804 /* CopyFiles */ = {
			isa = PBXCopyFilesBuildPhase;
			buildActionMask = 2147483647;
			dstPath = /usr/share/man/man1/;
			dstSubfolderSpec = 0;
			files = (
				B5BEF3711843D32D0092D804 /* Game01.1 in CopyFiles */,
			);
			runOnlyForDeploymentPostprocessing = 1;
		};
/* End PBXCopyFilesBuildPhase section */

/* Begin PBXFileReference section */
		B53D62D7184462D000005502 /* CsBackEnd.cpp */ = {isa = PBXFileReference; fileEncoding = 4; lastKnownFileType = sourcecode.cpp.cpp; path = CsBackEnd.cpp; sourceTree = "<group>"; };
		B53D62D8184462D000005502 /* CsBackEnd.h */ = {isa = PBXFileReference; fileEncoding = 4; lastKnownFileType = sourcecode.c.h; path = CsBackEnd.h; sourceTree = "<group>"; };
		B53D62DA18446E7500005502 /* Bloques.cpp */ = {isa = PBXFileReference; fileEncoding = 4; lastKnownFileType = sourcecode.cpp.cpp; path = Bloques.cpp; sourceTree = "<group>"; };
		B53D62DB18446E7500005502 /* Bloques.h */ = {isa = PBXFileReference; fileEncoding = 4; lastKnownFileType = sourcecode.c.h; path = Bloques.h; sourceTree = "<group>"; };
		B53D62DD1844879000005502 /* CCursor.cpp */ = {isa = PBXFileReference; fileEncoding = 4; lastKnownFileType = sourcecode.cpp.cpp; path = CCursor.cpp; sourceTree = "<group>"; };
		B53D62DE1844879000005502 /* CCursor.h */ = {isa = PBXFileReference; fileEncoding = 4; lastKnownFileType = sourcecode.c.h; path = CCursor.h; sourceTree = "<group>"; };
		B53D62E0184490C000005502 /* CEntrada.cpp */ = {isa = PBXFileReference; fileEncoding = 4; lastKnownFileType = sourcecode.cpp.cpp; path = CEntrada.cpp; sourceTree = "<group>"; };
		B53D62E1184490C000005502 /* CEntrada.h */ = {isa = PBXFileReference; fileEncoding = 4; lastKnownFileType = sourcecode.c.h; path = CEntrada.h; sourceTree = "<group>"; };
		B553414E184EDA8C0095D33A /* CLFiguras.h */ = {isa = PBXFileReference; lastKnownFileType = sourcecode.c.h; path = CLFiguras.h; sourceTree = "<group>"; };
		B553414F184EDA9E0095D33A /* CLFiguras.c */ = {isa = PBXFileReference; fileEncoding = 4; lastKnownFileType = sourcecode.c.c; path = CLFiguras.c; sourceTree = "<group>"; };
		B55F1E20184ED1CB00CFF2D4 /* CLFDataType.h */ = {isa = PBXFileReference; lastKnownFileType = sourcecode.c.h; path = CLFDataType.h; sourceTree = "<group>"; };
		B5706FE81843D439004A0628 /* CoreGame.cpp */ = {isa = PBXFileReference; fileEncoding = 4; lastKnownFileType = sourcecode.cpp.cpp; path = CoreGame.cpp; sourceTree = "<group>"; };
		B5706FE91843D439004A0628 /* CoreGame.h */ = {isa = PBXFileReference; fileEncoding = 4; lastKnownFileType = sourcecode.c.h; path = CoreGame.h; sourceTree = "<group>"; };
		B5706FEB1843D468004A0628 /* CCamara.cpp */ = {isa = PBXFileReference; fileEncoding = 4; lastKnownFileType = sourcecode.cpp.cpp; path = CCamara.cpp; sourceTree = "<group>"; };
		B5706FEC1843D468004A0628 /* CCamara.h */ = {isa = PBXFileReference; fileEncoding = 4; lastKnownFileType = sourcecode.c.h; path = CCamara.h; sourceTree = "<group>"; };
		B5706FF01843D49C004A0628 /* CMakeLists.txt */ = {isa = PBXFileReference; lastKnownFileType = text; path = CMakeLists.txt; sourceTree = "<group>"; };
		B5706FF21843D49C004A0628 /* _detail.hpp */ = {isa = PBXFileReference; lastKnownFileType = sourcecode.cpp.h; path = _detail.hpp; sourceTree = "<group>"; };
		B5706FF31843D49C004A0628 /* _fixes.hpp */ = {isa = PBXFileReference; lastKnownFileType = sourcecode.cpp.h; path = _fixes.hpp; sourceTree = "<group>"; };
		B5706FF41843D49C004A0628 /* _swizzle.hpp */ = {isa = PBXFileReference; lastKnownFileType = sourcecode.cpp.h; path = _swizzle.hpp; sourceTree = "<group>"; };
		B5706FF51843D49C004A0628 /* _swizzle_func.hpp */ = {isa = PBXFileReference; lastKnownFileType = sourcecode.cpp.h; path = _swizzle_func.hpp; sourceTree = "<group>"; };
		B5706FF61843D49C004A0628 /* _vectorize.hpp */ = {isa = PBXFileReference; lastKnownFileType = sourcecode.cpp.h; path = _vectorize.hpp; sourceTree = "<group>"; };
		B5706FF71843D49C004A0628 /* func_common.hpp */ = {isa = PBXFileReference; lastKnownFileType = sourcecode.cpp.h; path = func_common.hpp; sourceTree = "<group>"; };
		B5706FF81843D49C004A0628 /* func_common.inl */ = {isa = PBXFileReference; lastKnownFileType = text; path = func_common.inl; sourceTree = "<group>"; };
		B5706FF91843D49C004A0628 /* func_exponential.hpp */ = {isa = PBXFileReference; lastKnownFileType = sourcecode.cpp.h; path = func_exponential.hpp; sourceTree = "<group>"; };
		B5706FFA1843D49C004A0628 /* func_exponential.inl */ = {isa = PBXFileReference; lastKnownFileType = text; path = func_exponential.inl; sourceTree = "<group>"; };
		B5706FFB1843D49C004A0628 /* func_geometric.hpp */ = {isa = PBXFileReference; lastKnownFileType = sourcecode.cpp.h; path = func_geometric.hpp; sourceTree = "<group>"; };
		B5706FFC1843D49C004A0628 /* func_geometric.inl */ = {isa = PBXFileReference; lastKnownFileType = text; path = func_geometric.inl; sourceTree = "<group>"; };
		B5706FFD1843D49C004A0628 /* func_integer.hpp */ = {isa = PBXFileReference; lastKnownFileType = sourcecode.cpp.h; path = func_integer.hpp; sourceTree = "<group>"; };
		B5706FFE1843D49C004A0628 /* func_integer.inl */ = {isa = PBXFileReference; lastKnownFileType = text; path = func_integer.inl; sourceTree = "<group>"; };
		B5706FFF1843D49C004A0628 /* func_matrix.hpp */ = {isa = PBXFileReference; lastKnownFileType = sourcecode.cpp.h; path = func_matrix.hpp; sourceTree = "<group>"; };
		B57070001843D49C004A0628 /* func_matrix.inl */ = {isa = PBXFileReference; lastKnownFileType = text; path = func_matrix.inl; sourceTree = "<group>"; };
		B57070011843D49C004A0628 /* func_noise.hpp */ = {isa = PBXFileReference; lastKnownFileType = sourcecode.cpp.h; path = func_noise.hpp; sourceTree = "<group>"; };
		B57070021843D49C004A0628 /* func_noise.inl */ = {isa = PBXFileReference; lastKnownFileType = text; path = func_noise.inl; sourceTree = "<group>"; };
		B57070031843D49C004A0628 /* func_packing.hpp */ = {isa = PBXFileReference; lastKnownFileType = sourcecode.cpp.h; path = func_packing.hpp; sourceTree = "<group>"; };
		B57070041843D49C004A0628 /* func_packing.inl */ = {isa = PBXFileReference; lastKnownFileType = text; path = func_packing.inl; sourceTree = "<group>"; };
		B57070051843D49C004A0628 /* func_trigonometric.hpp */ = {isa = PBXFileReference; lastKnownFileType = sourcecode.cpp.h; path = func_trigonometric.hpp; sourceTree = "<group>"; };
		B57070061843D49C004A0628 /* func_trigonometric.inl */ = {isa = PBXFileReference; lastKnownFileType = text; path = func_trigonometric.inl; sourceTree = "<group>"; };
		B57070071843D49C004A0628 /* func_vector_relational.hpp */ = {isa = PBXFileReference; lastKnownFileType = sourcecode.cpp.h; path = func_vector_relational.hpp; sourceTree = "<group>"; };
		B57070081843D49C004A0628 /* func_vector_relational.inl */ = {isa = PBXFileReference; lastKnownFileType = text; path = func_vector_relational.inl; sourceTree = "<group>"; };
		B57070091843D49C004A0628 /* hint.hpp */ = {isa = PBXFileReference; lastKnownFileType = sourcecode.cpp.h; path = hint.hpp; sourceTree = "<group>"; };
		B570700A1843D49C004A0628 /* intrinsic_common.hpp */ = {isa = PBXFileReference; lastKnownFileType = sourcecode.cpp.h; path = intrinsic_common.hpp; sourceTree = "<group>"; };
		B570700B1843D49C004A0628 /* intrinsic_common.inl */ = {isa = PBXFileReference; lastKnownFileType = text; path = intrinsic_common.inl; sourceTree = "<group>"; };
		B570700C1843D49C004A0628 /* intrinsic_exponential.hpp */ = {isa = PBXFileReference; lastKnownFileType = sourcecode.cpp.h; path = intrinsic_exponential.hpp; sourceTree = "<group>"; };
		B570700D1843D49C004A0628 /* intrinsic_exponential.inl */ = {isa = PBXFileReference; lastKnownFileType = text; path = intrinsic_exponential.inl; sourceTree = "<group>"; };
		B570700E1843D49C004A0628 /* intrinsic_geometric.hpp */ = {isa = PBXFileReference; lastKnownFileType = sourcecode.cpp.h; path = intrinsic_geometric.hpp; sourceTree = "<group>"; };
		B570700F1843D49C004A0628 /* intrinsic_geometric.inl */ = {isa = PBXFileReference; lastKnownFileType = text; path = intrinsic_geometric.inl; sourceTree = "<group>"; };
		B57070101843D49C004A0628 /* intrinsic_matrix.hpp */ = {isa = PBXFileReference; lastKnownFileType = sourcecode.cpp.h; path = intrinsic_matrix.hpp; sourceTree = "<group>"; };
		B57070111843D49C004A0628 /* intrinsic_matrix.inl */ = {isa = PBXFileReference; lastKnownFileType = text; path = intrinsic_matrix.inl; sourceTree = "<group>"; };
		B57070121843D49C004A0628 /* intrinsic_trigonometric.hpp */ = {isa = PBXFileReference; lastKnownFileType = sourcecode.cpp.h; path = intrinsic_trigonometric.hpp; sourceTree = "<group>"; };
		B57070131843D49C004A0628 /* intrinsic_trigonometric.inl */ = {isa = PBXFileReference; lastKnownFileType = text; path = intrinsic_trigonometric.inl; sourceTree = "<group>"; };
		B57070141843D49C004A0628 /* intrinsic_vector_relational.hpp */ = {isa = PBXFileReference; lastKnownFileType = sourcecode.cpp.h; path = intrinsic_vector_relational.hpp; sourceTree = "<group>"; };
		B57070151843D49C004A0628 /* intrinsic_vector_relational.inl */ = {isa = PBXFileReference; lastKnownFileType = text; path = intrinsic_vector_relational.inl; sourceTree = "<group>"; };
		B57070161843D49C004A0628 /* setup.hpp */ = {isa = PBXFileReference; lastKnownFileType = sourcecode.cpp.h; path = setup.hpp; sourceTree = "<group>"; };
		B57070171843D49C004A0628 /* type.hpp */ = {isa = PBXFileReference; lastKnownFileType = sourcecode.cpp.h; path = type.hpp; sourceTree = "<group>"; };
		B57070181843D49C004A0628 /* type_float.hpp */ = {isa = PBXFileReference; lastKnownFileType = sourcecode.cpp.h; path = type_float.hpp; sourceTree = "<group>"; };
		B57070191843D49C004A0628 /* type_gentype.hpp */ = {isa = PBXFileReference; lastKnownFileType = sourcecode.cpp.h; path = type_gentype.hpp; sourceTree = "<group>"; };
		B570701A1843D49C004A0628 /* type_gentype.inl */ = {isa = PBXFileReference; lastKnownFileType = text; path = type_gentype.inl; sourceTree = "<group>"; };
		B570701B1843D49C004A0628 /* type_half.hpp */ = {isa = PBXFileReference; lastKnownFileType = sourcecode.cpp.h; path = type_half.hpp; sourceTree = "<group>"; };
		B570701C1843D49C004A0628 /* type_half.inl */ = {isa = PBXFileReference; lastKnownFileType = text; path = type_half.inl; sourceTree = "<group>"; };
		B570701D1843D49C004A0628 /* type_int.hpp */ = {isa = PBXFileReference; lastKnownFileType = sourcecode.cpp.h; path = type_int.hpp; sourceTree = "<group>"; };
		B570701E1843D49C004A0628 /* type_mat.hpp */ = {isa = PBXFileReference; lastKnownFileType = sourcecode.cpp.h; path = type_mat.hpp; sourceTree = "<group>"; };
		B570701F1843D49C004A0628 /* type_mat.inl */ = {isa = PBXFileReference; lastKnownFileType = text; path = type_mat.inl; sourceTree = "<group>"; };
		B57070201843D49C004A0628 /* type_mat2x2.hpp */ = {isa = PBXFileReference; lastKnownFileType = sourcecode.cpp.h; path = type_mat2x2.hpp; sourceTree = "<group>"; };
		B57070211843D49C004A0628 /* type_mat2x2.inl */ = {isa = PBXFileReference; lastKnownFileType = text; path = type_mat2x2.inl; sourceTree = "<group>"; };
		B57070221843D49C004A0628 /* type_mat2x3.hpp */ = {isa = PBXFileReference; lastKnownFileType = sourcecode.cpp.h; path = type_mat2x3.hpp; sourceTree = "<group>"; };
		B57070231843D49C004A0628 /* type_mat2x3.inl */ = {isa = PBXFileReference; lastKnownFileType = text; path = type_mat2x3.inl; sourceTree = "<group>"; };
		B57070241843D49C004A0628 /* type_mat2x4.hpp */ = {isa = PBXFileReference; lastKnownFileType = sourcecode.cpp.h; path = type_mat2x4.hpp; sourceTree = "<group>"; };
		B57070251843D49C004A0628 /* type_mat2x4.inl */ = {isa = PBXFileReference; lastKnownFileType = text; path = type_mat2x4.inl; sourceTree = "<group>"; };
		B57070261843D49C004A0628 /* type_mat3x2.hpp */ = {isa = PBXFileReference; lastKnownFileType = sourcecode.cpp.h; path = type_mat3x2.hpp; sourceTree = "<group>"; };
		B57070271843D49C004A0628 /* type_mat3x2.inl */ = {isa = PBXFileReference; lastKnownFileType = text; path = type_mat3x2.inl; sourceTree = "<group>"; };
		B57070281843D49C004A0628 /* type_mat3x3.hpp */ = {isa = PBXFileReference; lastKnownFileType = sourcecode.cpp.h; path = type_mat3x3.hpp; sourceTree = "<group>"; };
		B57070291843D49C004A0628 /* type_mat3x3.inl */ = {isa = PBXFileReference; lastKnownFileType = text; path = type_mat3x3.inl; sourceTree = "<group>"; };
		B570702A1843D49C004A0628 /* type_mat3x4.hpp */ = {isa = PBXFileReference; lastKnownFileType = sourcecode.cpp.h; path = type_mat3x4.hpp; sourceTree = "<group>"; };
		B570702B1843D49C004A0628 /* type_mat3x4.inl */ = {isa = PBXFileReference; lastKnownFileType = text; path = type_mat3x4.inl; sourceTree = "<group>"; };
		B570702C1843D49C004A0628 /* type_mat4x2.hpp */ = {isa = PBXFileReference; lastKnownFileType = sourcecode.cpp.h; path = type_mat4x2.hpp; sourceTree = "<group>"; };
		B570702D1843D49C004A0628 /* type_mat4x2.inl */ = {isa = PBXFileReference; lastKnownFileType = text; path = type_mat4x2.inl; sourceTree = "<group>"; };
		B570702E1843D49C004A0628 /* type_mat4x3.hpp */ = {isa = PBXFileReference; lastKnownFileType = sourcecode.cpp.h; path = type_mat4x3.hpp; sourceTree = "<group>"; };
		B570702F1843D49C004A0628 /* type_mat4x3.inl */ = {isa = PBXFileReference; lastKnownFileType = text; path = type_mat4x3.inl; sourceTree = "<group>"; };
		B57070301843D49C004A0628 /* type_mat4x4.hpp */ = {isa = PBXFileReference; lastKnownFileType = sourcecode.cpp.h; path = type_mat4x4.hpp; sourceTree = "<group>"; };
		B57070311843D49C004A0628 /* type_mat4x4.inl */ = {isa = PBXFileReference; lastKnownFileType = text; path = type_mat4x4.inl; sourceTree = "<group>"; };
		B57070321843D49C004A0628 /* type_size.hpp */ = {isa = PBXFileReference; lastKnownFileType = sourcecode.cpp.h; path = type_size.hpp; sourceTree = "<group>"; };
		B57070331843D49C004A0628 /* type_vec.hpp */ = {isa = PBXFileReference; lastKnownFileType = sourcecode.cpp.h; path = type_vec.hpp; sourceTree = "<group>"; };
		B57070341843D49C004A0628 /* type_vec.inl */ = {isa = PBXFileReference; lastKnownFileType = text; path = type_vec.inl; sourceTree = "<group>"; };
		B57070351843D49C004A0628 /* type_vec1.hpp */ = {isa = PBXFileReference; lastKnownFileType = sourcecode.cpp.h; path = type_vec1.hpp; sourceTree = "<group>"; };
		B57070361843D49C004A0628 /* type_vec1.inl */ = {isa = PBXFileReference; lastKnownFileType = text; path = type_vec1.inl; sourceTree = "<group>"; };
		B57070371843D49C004A0628 /* type_vec2.hpp */ = {isa = PBXFileReference; lastKnownFileType = sourcecode.cpp.h; path = type_vec2.hpp; sourceTree = "<group>"; };
		B57070381843D49C004A0628 /* type_vec2.inl */ = {isa = PBXFileReference; lastKnownFileType = text; path = type_vec2.inl; sourceTree = "<group>"; };
		B57070391843D49C004A0628 /* type_vec3.hpp */ = {isa = PBXFileReference; lastKnownFileType = sourcecode.cpp.h; path = type_vec3.hpp; sourceTree = "<group>"; };
		B570703A1843D49C004A0628 /* type_vec3.inl */ = {isa = PBXFileReference; lastKnownFileType = text; path = type_vec3.inl; sourceTree = "<group>"; };
		B570703B1843D49C004A0628 /* type_vec4.hpp */ = {isa = PBXFileReference; lastKnownFileType = sourcecode.cpp.h; path = type_vec4.hpp; sourceTree = "<group>"; };
		B570703C1843D49C004A0628 /* type_vec4.inl */ = {isa = PBXFileReference; lastKnownFileType = text; path = type_vec4.inl; sourceTree = "<group>"; };
		B570703D1843D49C004A0628 /* ext.hpp */ = {isa = PBXFileReference; lastKnownFileType = sourcecode.cpp.h; path = ext.hpp; sourceTree = "<group>"; };
		B570703E1843D49C004A0628 /* glm.hpp */ = {isa = PBXFileReference; lastKnownFileType = sourcecode.cpp.h; path = glm.hpp; sourceTree = "<group>"; };
		B57070401843D49C004A0628 /* constants.hpp */ = {isa = PBXFileReference; lastKnownFileType = sourcecode.cpp.h; path = constants.hpp; sourceTree = "<group>"; };
		B57070411843D49C004A0628 /* constants.inl */ = {isa = PBXFileReference; lastKnownFileType = text; path = constants.inl; sourceTree = "<group>"; };
		B57070421843D49C004A0628 /* epsilon.hpp */ = {isa = PBXFileReference; lastKnownFileType = sourcecode.cpp.h; path = epsilon.hpp; sourceTree = "<group>"; };
		B57070431843D49C004A0628 /* epsilon.inl */ = {isa = PBXFileReference; lastKnownFileType = text; path = epsilon.inl; sourceTree = "<group>"; };
		B57070441843D49C004A0628 /* half_float.hpp */ = {isa = PBXFileReference; lastKnownFileType = sourcecode.cpp.h; path = half_float.hpp; sourceTree = "<group>"; };
		B57070451843D49C004A0628 /* half_float.inl */ = {isa = PBXFileReference; lastKnownFileType = text; path = half_float.inl; sourceTree = "<group>"; };
		B57070461843D49C004A0628 /* matrix_access.hpp */ = {isa = PBXFileReference; lastKnownFileType = sourcecode.cpp.h; path = matrix_access.hpp; sourceTree = "<group>"; };
		B57070471843D49C004A0628 /* matrix_access.inl */ = {isa = PBXFileReference; lastKnownFileType = text; path = matrix_access.inl; sourceTree = "<group>"; };
		B57070481843D49C004A0628 /* matrix_integer.hpp */ = {isa = PBXFileReference; lastKnownFileType = sourcecode.cpp.h; path = matrix_integer.hpp; sourceTree = "<group>"; };
		B57070491843D49C004A0628 /* matrix_inverse.hpp */ = {isa = PBXFileReference; lastKnownFileType = sourcecode.cpp.h; path = matrix_inverse.hpp; sourceTree = "<group>"; };
		B570704A1843D49C004A0628 /* matrix_inverse.inl */ = {isa = PBXFileReference; lastKnownFileType = text; path = matrix_inverse.inl; sourceTree = "<group>"; };
		B570704B1843D49C004A0628 /* matrix_transform.hpp */ = {isa = PBXFileReference; lastKnownFileType = sourcecode.cpp.h; path = matrix_transform.hpp; sourceTree = "<group>"; };
		B570704C1843D49C004A0628 /* matrix_transform.inl */ = {isa = PBXFileReference; lastKnownFileType = text; path = matrix_transform.inl; sourceTree = "<group>"; };
		B570704D1843D49C004A0628 /* noise.hpp */ = {isa = PBXFileReference; lastKnownFileType = sourcecode.cpp.h; path = noise.hpp; sourceTree = "<group>"; };
		B570704E1843D49C004A0628 /* noise.inl */ = {isa = PBXFileReference; lastKnownFileType = text; path = noise.inl; sourceTree = "<group>"; };
		B570704F1843D49C004A0628 /* quaternion.hpp */ = {isa = PBXFileReference; lastKnownFileType = sourcecode.cpp.h; path = quaternion.hpp; sourceTree = "<group>"; };
		B57070501843D49C004A0628 /* quaternion.inl */ = {isa = PBXFileReference; lastKnownFileType = text; path = quaternion.inl; sourceTree = "<group>"; };
		B57070511843D49C004A0628 /* random.hpp */ = {isa = PBXFileReference; lastKnownFileType = sourcecode.cpp.h; path = random.hpp; sourceTree = "<group>"; };
		B57070521843D49C004A0628 /* random.inl */ = {isa = PBXFileReference; lastKnownFileType = text; path = random.inl; sourceTree = "<group>"; };
		B57070531843D49C004A0628 /* reciprocal.hpp */ = {isa = PBXFileReference; lastKnownFileType = sourcecode.cpp.h; path = reciprocal.hpp; sourceTree = "<group>"; };
		B57070541843D49C004A0628 /* reciprocal.inl */ = {isa = PBXFileReference; lastKnownFileType = text; path = reciprocal.inl; sourceTree = "<group>"; };
		B57070551843D49C004A0628 /* swizzle.hpp */ = {isa = PBXFileReference; lastKnownFileType = sourcecode.cpp.h; path = swizzle.hpp; sourceTree = "<group>"; };
		B57070561843D49C004A0628 /* swizzle.inl */ = {isa = PBXFileReference; lastKnownFileType = text; path = swizzle.inl; sourceTree = "<group>"; };
		B57070571843D49C004A0628 /* type_precision.hpp */ = {isa = PBXFileReference; lastKnownFileType = sourcecode.cpp.h; path = type_precision.hpp; sourceTree = "<group>"; };
		B57070581843D49C004A0628 /* type_precision.inl */ = {isa = PBXFileReference; lastKnownFileType = text; path = type_precision.inl; sourceTree = "<group>"; };
		B57070591843D49C004A0628 /* type_ptr.hpp */ = {isa = PBXFileReference; lastKnownFileType = sourcecode.cpp.h; path = type_ptr.hpp; sourceTree = "<group>"; };
		B570705A1843D49C004A0628 /* type_ptr.inl */ = {isa = PBXFileReference; lastKnownFileType = text; path = type_ptr.inl; sourceTree = "<group>"; };
		B570705B1843D49C004A0628 /* ulp.hpp */ = {isa = PBXFileReference; lastKnownFileType = sourcecode.cpp.h; path = ulp.hpp; sourceTree = "<group>"; };
		B570705C1843D49C004A0628 /* ulp.inl */ = {isa = PBXFileReference; lastKnownFileType = text; path = ulp.inl; sourceTree = "<group>"; };
		B570705E1843D49C004A0628 /* associated_min_max.hpp */ = {isa = PBXFileReference; lastKnownFileType = sourcecode.cpp.h; path = associated_min_max.hpp; sourceTree = "<group>"; };
		B570705F1843D49C004A0628 /* associated_min_max.inl */ = {isa = PBXFileReference; lastKnownFileType = text; path = associated_min_max.inl; sourceTree = "<group>"; };
		B57070601843D49C004A0628 /* bit.hpp */ = {isa = PBXFileReference; lastKnownFileType = sourcecode.cpp.h; path = bit.hpp; sourceTree = "<group>"; };
		B57070611843D49C004A0628 /* bit.inl */ = {isa = PBXFileReference; lastKnownFileType = text; path = bit.inl; sourceTree = "<group>"; };
		B57070621843D49C004A0628 /* closest_point.hpp */ = {isa = PBXFileReference; lastKnownFileType = sourcecode.cpp.h; path = closest_point.hpp; sourceTree = "<group>"; };
		B57070631843D49C004A0628 /* closest_point.inl */ = {isa = PBXFileReference; lastKnownFileType = text; path = closest_point.inl; sourceTree = "<group>"; };
		B57070641843D49C004A0628 /* color_cast.hpp */ = {isa = PBXFileReference; lastKnownFileType = sourcecode.cpp.h; path = color_cast.hpp; sourceTree = "<group>"; };
		B57070651843D49C004A0628 /* color_cast.inl */ = {isa = PBXFileReference; lastKnownFileType = text; path = color_cast.inl; sourceTree = "<group>"; };
		B57070661843D49C004A0628 /* color_space.hpp */ = {isa = PBXFileReference; lastKnownFileType = sourcecode.cpp.h; path = color_space.hpp; sourceTree = "<group>"; };
		B57070671843D49C004A0628 /* color_space.inl */ = {isa = PBXFileReference; lastKnownFileType = text; path = color_space.inl; sourceTree = "<group>"; };
		B57070681843D49C004A0628 /* color_space_YCoCg.hpp */ = {isa = PBXFileReference; lastKnownFileType = sourcecode.cpp.h; path = color_space_YCoCg.hpp; sourceTree = "<group>"; };
		B57070691843D49C004A0628 /* color_space_YCoCg.inl */ = {isa = PBXFileReference; lastKnownFileType = text; path = color_space_YCoCg.inl; sourceTree = "<group>"; };
		B570706A1843D49C004A0628 /* compatibility.hpp */ = {isa = PBXFileReference; lastKnownFileType = sourcecode.cpp.h; path = compatibility.hpp; sourceTree = "<group>"; };
		B570706B1843D49C004A0628 /* compatibility.inl */ = {isa = PBXFileReference; lastKnownFileType = text; path = compatibility.inl; sourceTree = "<group>"; };
		B570706C1843D49C004A0628 /* component_wise.hpp */ = {isa = PBXFileReference; lastKnownFileType = sourcecode.cpp.h; path = component_wise.hpp; sourceTree = "<group>"; };
		B570706D1843D49C004A0628 /* component_wise.inl */ = {isa = PBXFileReference; lastKnownFileType = text; path = component_wise.inl; sourceTree = "<group>"; };
		B570706E1843D49C004A0628 /* constants.hpp */ = {isa = PBXFileReference; lastKnownFileType = sourcecode.cpp.h; path = constants.hpp; sourceTree = "<group>"; };
		B570706F1843D49C004A0628 /* epsilon.hpp */ = {isa = PBXFileReference; lastKnownFileType = sourcecode.cpp.h; path = epsilon.hpp; sourceTree = "<group>"; };
		B57070701843D49C004A0628 /* euler_angles.hpp */ = {isa = PBXFileReference; lastKnownFileType = sourcecode.cpp.h; path = euler_angles.hpp; sourceTree = "<group>"; };
		B57070711843D49C004A0628 /* euler_angles.inl */ = {isa = PBXFileReference; lastKnownFileType = text; path = euler_angles.inl; sourceTree = "<group>"; };
		B57070721843D49C004A0628 /* extend.hpp */ = {isa = PBXFileReference; lastKnownFileType = sourcecode.cpp.h; path = extend.hpp; sourceTree = "<group>"; };
		B57070731843D49C004A0628 /* extend.inl */ = {isa = PBXFileReference; lastKnownFileType = text; path = extend.inl; sourceTree = "<group>"; };
		B57070741843D49C004A0628 /* extented_min_max.hpp */ = {isa = PBXFileReference; lastKnownFileType = sourcecode.cpp.h; path = extented_min_max.hpp; sourceTree = "<group>"; };
		B57070751843D49C004A0628 /* extented_min_max.inl */ = {isa = PBXFileReference; lastKnownFileType = text; path = extented_min_max.inl; sourceTree = "<group>"; };
		B57070761843D49C004A0628 /* fast_exponential.hpp */ = {isa = PBXFileReference; lastKnownFileType = sourcecode.cpp.h; path = fast_exponential.hpp; sourceTree = "<group>"; };
		B57070771843D49C004A0628 /* fast_exponential.inl */ = {isa = PBXFileReference; lastKnownFileType = text; path = fast_exponential.inl; sourceTree = "<group>"; };
		B57070781843D49C004A0628 /* fast_square_root.hpp */ = {isa = PBXFileReference; lastKnownFileType = sourcecode.cpp.h; path = fast_square_root.hpp; sourceTree = "<group>"; };
		B57070791843D49C004A0628 /* fast_square_root.inl */ = {isa = PBXFileReference; lastKnownFileType = text; path = fast_square_root.inl; sourceTree = "<group>"; };
		B570707A1843D49C004A0628 /* fast_trigonometry.hpp */ = {isa = PBXFileReference; lastKnownFileType = sourcecode.cpp.h; path = fast_trigonometry.hpp; sourceTree = "<group>"; };
		B570707B1843D49C004A0628 /* fast_trigonometry.inl */ = {isa = PBXFileReference; lastKnownFileType = text; path = fast_trigonometry.inl; sourceTree = "<group>"; };
		B570707C1843D49C004A0628 /* gradient_paint.hpp */ = {isa = PBXFileReference; lastKnownFileType = sourcecode.cpp.h; path = gradient_paint.hpp; sourceTree = "<group>"; };
		B570707D1843D49C004A0628 /* gradient_paint.inl */ = {isa = PBXFileReference; lastKnownFileType = text; path = gradient_paint.inl; sourceTree = "<group>"; };
		B570707E1843D49C004A0628 /* handed_coordinate_space.hpp */ = {isa = PBXFileReference; lastKnownFileType = sourcecode.cpp.h; path = handed_coordinate_space.hpp; sourceTree = "<group>"; };
		B570707F1843D49C004A0628 /* handed_coordinate_space.inl */ = {isa = PBXFileReference; lastKnownFileType = text; path = handed_coordinate_space.inl; sourceTree = "<group>"; };
		B57070801843D49D004A0628 /* inertia.hpp */ = {isa = PBXFileReference; lastKnownFileType = sourcecode.cpp.h; path = inertia.hpp; sourceTree = "<group>"; };
		B57070811843D49D004A0628 /* inertia.inl */ = {isa = PBXFileReference; lastKnownFileType = text; path = inertia.inl; sourceTree = "<group>"; };
		B57070821843D49D004A0628 /* int_10_10_10_2.hpp */ = {isa = PBXFileReference; lastKnownFileType = sourcecode.cpp.h; path = int_10_10_10_2.hpp; sourceTree = "<group>"; };
		B57070831843D49D004A0628 /* int_10_10_10_2.inl */ = {isa = PBXFileReference; lastKnownFileType = text; path = int_10_10_10_2.inl; sourceTree = "<group>"; };
		B57070841843D49D004A0628 /* integer.hpp */ = {isa = PBXFileReference; lastKnownFileType = sourcecode.cpp.h; path = integer.hpp; sourceTree = "<group>"; };
		B57070851843D49D004A0628 /* integer.inl */ = {isa = PBXFileReference; lastKnownFileType = text; path = integer.inl; sourceTree = "<group>"; };
		B57070861843D49D004A0628 /* intersect.hpp */ = {isa = PBXFileReference; lastKnownFileType = sourcecode.cpp.h; path = intersect.hpp; sourceTree = "<group>"; };
		B57070871843D49D004A0628 /* intersect.inl */ = {isa = PBXFileReference; lastKnownFileType = text; path = intersect.inl; sourceTree = "<group>"; };
		B57070881843D49D004A0628 /* log_base.hpp */ = {isa = PBXFileReference; lastKnownFileType = sourcecode.cpp.h; path = log_base.hpp; sourceTree = "<group>"; };
		B57070891843D49D004A0628 /* log_base.inl */ = {isa = PBXFileReference; lastKnownFileType = text; path = log_base.inl; sourceTree = "<group>"; };
		B570708A1843D49D004A0628 /* matrix_cross_product.hpp */ = {isa = PBXFileReference; lastKnownFileType = sourcecode.cpp.h; path = matrix_cross_product.hpp; sourceTree = "<group>"; };
		B570708B1843D49D004A0628 /* matrix_cross_product.inl */ = {isa = PBXFileReference; lastKnownFileType = text; path = matrix_cross_product.inl; sourceTree = "<group>"; };
		B570708C1843D49D004A0628 /* matrix_interpolation.hpp */ = {isa = PBXFileReference; lastKnownFileType = sourcecode.cpp.h; path = matrix_interpolation.hpp; sourceTree = "<group>"; };
		B570708D1843D49D004A0628 /* matrix_interpolation.inl */ = {isa = PBXFileReference; lastKnownFileType = text; path = matrix_interpolation.inl; sourceTree = "<group>"; };
		B570708E1843D49D004A0628 /* matrix_major_storage.hpp */ = {isa = PBXFileReference; lastKnownFileType = sourcecode.cpp.h; path = matrix_major_storage.hpp; sourceTree = "<group>"; };
		B570708F1843D49D004A0628 /* matrix_major_storage.inl */ = {isa = PBXFileReference; lastKnownFileType = text; path = matrix_major_storage.inl; sourceTree = "<group>"; };
		B57070901843D49D004A0628 /* matrix_operation.hpp */ = {isa = PBXFileReference; lastKnownFileType = sourcecode.cpp.h; path = matrix_operation.hpp; sourceTree = "<group>"; };
		B57070911843D49D004A0628 /* matrix_operation.inl */ = {isa = PBXFileReference; lastKnownFileType = text; path = matrix_operation.inl; sourceTree = "<group>"; };
		B57070921843D49D004A0628 /* matrix_query.hpp */ = {isa = PBXFileReference; lastKnownFileType = sourcecode.cpp.h; path = matrix_query.hpp; sourceTree = "<group>"; };
		B57070931843D49D004A0628 /* matrix_query.inl */ = {isa = PBXFileReference; lastKnownFileType = text; path = matrix_query.inl; sourceTree = "<group>"; };
		B57070941843D49D004A0628 /* mixed_product.hpp */ = {isa = PBXFileReference; lastKnownFileType = sourcecode.cpp.h; path = mixed_product.hpp; sourceTree = "<group>"; };
		B57070951843D49D004A0628 /* mixed_product.inl */ = {isa = PBXFileReference; lastKnownFileType = text; path = mixed_product.inl; sourceTree = "<group>"; };
		B57070961843D49D004A0628 /* multiple.hpp */ = {isa = PBXFileReference; lastKnownFileType = sourcecode.cpp.h; path = multiple.hpp; sourceTree = "<group>"; };
		B57070971843D49D004A0628 /* multiple.inl */ = {isa = PBXFileReference; lastKnownFileType = text; path = multiple.inl; sourceTree = "<group>"; };
		B57070981843D49D004A0628 /* noise.hpp */ = {isa = PBXFileReference; lastKnownFileType = sourcecode.cpp.h; path = noise.hpp; sourceTree = "<group>"; };
		B57070991843D49D004A0628 /* norm.hpp */ = {isa = PBXFileReference; lastKnownFileType = sourcecode.cpp.h; path = norm.hpp; sourceTree = "<group>"; };
		B570709A1843D49D004A0628 /* norm.inl */ = {isa = PBXFileReference; lastKnownFileType = text; path = norm.inl; sourceTree = "<group>"; };
		B570709B1843D49D004A0628 /* normal.hpp */ = {isa = PBXFileReference; lastKnownFileType = sourcecode.cpp.h; path = normal.hpp; sourceTree = "<group>"; };
		B570709C1843D49D004A0628 /* normal.inl */ = {isa = PBXFileReference; lastKnownFileType = text; path = normal.inl; sourceTree = "<group>"; };
		B570709D1843D49D004A0628 /* normalize_dot.hpp */ = {isa = PBXFileReference; lastKnownFileType = sourcecode.cpp.h; path = normalize_dot.hpp; sourceTree = "<group>"; };
		B570709E1843D49D004A0628 /* normalize_dot.inl */ = {isa = PBXFileReference; lastKnownFileType = text; path = normalize_dot.inl; sourceTree = "<group>"; };
		B570709F1843D49D004A0628 /* number_precision.hpp */ = {isa = PBXFileReference; lastKnownFileType = sourcecode.cpp.h; path = number_precision.hpp; sourceTree = "<group>"; };
		B57070A01843D49D004A0628 /* number_precision.inl */ = {isa = PBXFileReference; lastKnownFileType = text; path = number_precision.inl; sourceTree = "<group>"; };
		B57070A11843D49D004A0628 /* ocl_type.hpp */ = {isa = PBXFileReference; lastKnownFileType = sourcecode.cpp.h; path = ocl_type.hpp; sourceTree = "<group>"; };
		B57070A21843D49D004A0628 /* ocl_type.inl */ = {isa = PBXFileReference; lastKnownFileType = text; path = ocl_type.inl; sourceTree = "<group>"; };
		B57070A31843D49D004A0628 /* optimum_pow.hpp */ = {isa = PBXFileReference; lastKnownFileType = sourcecode.cpp.h; path = optimum_pow.hpp; sourceTree = "<group>"; };
		B57070A41843D49D004A0628 /* optimum_pow.inl */ = {isa = PBXFileReference; lastKnownFileType = text; path = optimum_pow.inl; sourceTree = "<group>"; };
		B57070A51843D49D004A0628 /* orthonormalize.hpp */ = {isa = PBXFileReference; lastKnownFileType = sourcecode.cpp.h; path = orthonormalize.hpp; sourceTree = "<group>"; };
		B57070A61843D49D004A0628 /* orthonormalize.inl */ = {isa = PBXFileReference; lastKnownFileType = text; path = orthonormalize.inl; sourceTree = "<group>"; };
		B57070A71843D49D004A0628 /* perpendicular.hpp */ = {isa = PBXFileReference; lastKnownFileType = sourcecode.cpp.h; path = perpendicular.hpp; sourceTree = "<group>"; };
		B57070A81843D49D004A0628 /* perpendicular.inl */ = {isa = PBXFileReference; lastKnownFileType = text; path = perpendicular.inl; sourceTree = "<group>"; };
		B57070A91843D49D004A0628 /* polar_coordinates.hpp */ = {isa = PBXFileReference; lastKnownFileType = sourcecode.cpp.h; path = polar_coordinates.hpp; sourceTree = "<group>"; };
		B57070AA1843D49D004A0628 /* polar_coordinates.inl */ = {isa = PBXFileReference; lastKnownFileType = text; path = polar_coordinates.inl; sourceTree = "<group>"; };
		B57070AB1843D49D004A0628 /* projection.hpp */ = {isa = PBXFileReference; lastKnownFileType = sourcecode.cpp.h; path = projection.hpp; sourceTree = "<group>"; };
		B57070AC1843D49D004A0628 /* projection.inl */ = {isa = PBXFileReference; lastKnownFileType = text; path = projection.inl; sourceTree = "<group>"; };
		B57070AD1843D49D004A0628 /* quaternion.hpp */ = {isa = PBXFileReference; lastKnownFileType = sourcecode.cpp.h; path = quaternion.hpp; sourceTree = "<group>"; };
		B57070AE1843D49D004A0628 /* quaternion.inl */ = {isa = PBXFileReference; lastKnownFileType = text; path = quaternion.inl; sourceTree = "<group>"; };
		B57070AF1843D49D004A0628 /* random.hpp */ = {isa = PBXFileReference; lastKnownFileType = sourcecode.cpp.h; path = random.hpp; sourceTree = "<group>"; };
		B57070B01843D49D004A0628 /* raw_data.hpp */ = {isa = PBXFileReference; lastKnownFileType = sourcecode.cpp.h; path = raw_data.hpp; sourceTree = "<group>"; };
		B57070B11843D49D004A0628 /* raw_data.inl */ = {isa = PBXFileReference; lastKnownFileType = text; path = raw_data.inl; sourceTree = "<group>"; };
		B57070B21843D49D004A0628 /* reciprocal.hpp */ = {isa = PBXFileReference; lastKnownFileType = sourcecode.cpp.h; path = reciprocal.hpp; sourceTree = "<group>"; };
		B57070B31843D49D004A0628 /* rotate_vector.hpp */ = {isa = PBXFileReference; lastKnownFileType = sourcecode.cpp.h; path = rotate_vector.hpp; sourceTree = "<group>"; };
		B57070B41843D49D004A0628 /* rotate_vector.inl */ = {isa = PBXFileReference; lastKnownFileType = text; path = rotate_vector.inl; sourceTree = "<group>"; };
		B57070B51843D49D004A0628 /* simd_mat4.hpp */ = {isa = PBXFileReference; lastKnownFileType = sourcecode.cpp.h; path = simd_mat4.hpp; sourceTree = "<group>"; };
		B57070B61843D49D004A0628 /* simd_mat4.inl */ = {isa = PBXFileReference; lastKnownFileType = text; path = simd_mat4.inl; sourceTree = "<group>"; };
		B57070B71843D49D004A0628 /* simd_vec4.hpp */ = {isa = PBXFileReference; lastKnownFileType = sourcecode.cpp.h; path = simd_vec4.hpp; sourceTree = "<group>"; };
		B57070B81843D49D004A0628 /* simd_vec4.inl */ = {isa = PBXFileReference; lastKnownFileType = text; path = simd_vec4.inl; sourceTree = "<group>"; };
		B57070B91843D49D004A0628 /* spline.hpp */ = {isa = PBXFileReference; lastKnownFileType = sourcecode.cpp.h; path = spline.hpp; sourceTree = "<group>"; };
		B57070BA1843D49D004A0628 /* spline.inl */ = {isa = PBXFileReference; lastKnownFileType = text; path = spline.inl; sourceTree = "<group>"; };
		B57070BB1843D49D004A0628 /* std_based_type.hpp */ = {isa = PBXFileReference; lastKnownFileType = sourcecode.cpp.h; path = std_based_type.hpp; sourceTree = "<group>"; };
		B57070BC1843D49D004A0628 /* std_based_type.inl */ = {isa = PBXFileReference; lastKnownFileType = text; path = std_based_type.inl; sourceTree = "<group>"; };
		B57070BD1843D49D004A0628 /* string_cast.hpp */ = {isa = PBXFileReference; lastKnownFileType = sourcecode.cpp.h; path = string_cast.hpp; sourceTree = "<group>"; };
		B57070BE1843D49D004A0628 /* string_cast.inl */ = {isa = PBXFileReference; lastKnownFileType = text; path = string_cast.inl; sourceTree = "<group>"; };
		B57070BF1843D49D004A0628 /* transform.hpp */ = {isa = PBXFileReference; lastKnownFileType = sourcecode.cpp.h; path = transform.hpp; sourceTree = "<group>"; };
		B57070C01843D49D004A0628 /* transform.inl */ = {isa = PBXFileReference; lastKnownFileType = text; path = transform.inl; sourceTree = "<group>"; };
		B57070C11843D49D004A0628 /* transform2.hpp */ = {isa = PBXFileReference; lastKnownFileType = sourcecode.cpp.h; path = transform2.hpp; sourceTree = "<group>"; };
		B57070C21843D49D004A0628 /* transform2.inl */ = {isa = PBXFileReference; lastKnownFileType = text; path = transform2.inl; sourceTree = "<group>"; };
		B57070C31843D49D004A0628 /* ulp.hpp */ = {isa = PBXFileReference; lastKnownFileType = sourcecode.cpp.h; path = ulp.hpp; sourceTree = "<group>"; };
		B57070C41843D49D004A0628 /* unsigned_int.hpp */ = {isa = PBXFileReference; lastKnownFileType = sourcecode.cpp.h; path = unsigned_int.hpp; sourceTree = "<group>"; };
		B57070C51843D49D004A0628 /* unsigned_int.inl */ = {isa = PBXFileReference; lastKnownFileType = text; path = unsigned_int.inl; sourceTree = "<group>"; };
		B57070C61843D49D004A0628 /* vec1.hpp */ = {isa = PBXFileReference; lastKnownFileType = sourcecode.cpp.h; path = vec1.hpp; sourceTree = "<group>"; };
		B57070C71843D49D004A0628 /* vec1.inl */ = {isa = PBXFileReference; lastKnownFileType = text; path = vec1.inl; sourceTree = "<group>"; };
		B57070C81843D49D004A0628 /* vector_access.hpp */ = {isa = PBXFileReference; lastKnownFileType = sourcecode.cpp.h; path = vector_access.hpp; sourceTree = "<group>"; };
		B57070C91843D49D004A0628 /* vector_access.inl */ = {isa = PBXFileReference; lastKnownFileType = text; path = vector_access.inl; sourceTree = "<group>"; };
		B57070CA1843D49D004A0628 /* vector_angle.hpp */ = {isa = PBXFileReference; lastKnownFileType = sourcecode.cpp.h; path = vector_angle.hpp; sourceTree = "<group>"; };
		B57070CB1843D49D004A0628 /* vector_angle.inl */ = {isa = PBXFileReference; lastKnownFileType = text; path = vector_angle.inl; sourceTree = "<group>"; };
		B57070CC1843D49D004A0628 /* vector_query.hpp */ = {isa = PBXFileReference; lastKnownFileType = sourcecode.cpp.h; path = vector_query.hpp; sourceTree = "<group>"; };
		B57070CD1843D49D004A0628 /* vector_query.inl */ = {isa = PBXFileReference; lastKnownFileType = text; path = vector_query.inl; sourceTree = "<group>"; };
		B57070CE1843D49D004A0628 /* verbose_operator.hpp */ = {isa = PBXFileReference; lastKnownFileType = sourcecode.cpp.h; path = verbose_operator.hpp; sourceTree = "<group>"; };
		B57070CF1843D49D004A0628 /* verbose_operator.inl */ = {isa = PBXFileReference; lastKnownFileType = text; path = verbose_operator.inl; sourceTree = "<group>"; };
		B57070D01843D49D004A0628 /* wrap.hpp */ = {isa = PBXFileReference; lastKnownFileType = sourcecode.cpp.h; path = wrap.hpp; sourceTree = "<group>"; };
		B57070D11843D49D004A0628 /* wrap.inl */ = {isa = PBXFileReference; lastKnownFileType = text; path = wrap.inl; sourceTree = "<group>"; };
		B57070D31843D49D004A0628 /* xstream.hpp */ = {isa = PBXFileReference; lastKnownFileType = sourcecode.cpp.h; path = xstream.hpp; sourceTree = "<group>"; };
		B57070D41843D628004A0628 /* graphic_engine.c */ = {isa = PBXFileReference; fileEncoding = 4; lastKnownFileType = sourcecode.c.c; path = graphic_engine.c; sourceTree = "<group>"; };
		B57070D51843D628004A0628 /* graphic_engine.h */ = {isa = PBXFileReference; fileEncoding = 4; lastKnownFileType = sourcecode.c.h; path = graphic_engine.h; sourceTree = "<group>"; };
		B57070D71843D641004A0628 /* ShaderManager.cpp */ = {isa = PBXFileReference; fileEncoding = 4; lastKnownFileType = sourcecode.cpp.cpp; path = ShaderManager.cpp; sourceTree = "<group>"; };
		B57070D81843D641004A0628 /* ShaderManager.h */ = {isa = PBXFileReference; fileEncoding = 4; lastKnownFileType = sourcecode.c.h; path = ShaderManager.h; sourceTree = "<group>"; };
		B57070DA1843D7B1004A0628 /* BlockTest.cpp */ = {isa = PBXFileReference; fileEncoding = 4; lastKnownFileType = sourcecode.cpp.cpp; name = BlockTest.cpp; path = glm/BlockTest.cpp; sourceTree = "<group>"; };
		B57070DB1843D7B1004A0628 /* BlockTest.h */ = {isa = PBXFileReference; fileEncoding = 4; lastKnownFileType = sourcecode.c.h; name = BlockTest.h; path = glm/BlockTest.h; sourceTree = "<group>"; };
		B57070DD1843D7D7004A0628 /* Renderable.cpp */ = {isa = PBXFileReference; fileEncoding = 4; lastKnownFileType = sourcecode.cpp.cpp; path = Renderable.cpp; sourceTree = "<group>"; };
		B57070DE1843D7D7004A0628 /* Renderable.h */ = {isa = PBXFileReference; fileEncoding = 4; lastKnownFileType = sourcecode.c.h; path = Renderable.h; sourceTree = "<group>"; };
		B57070E01843DAAD004A0628 /* IOKit.framework */ = {isa = PBXFileReference; lastKnownFileType = wrapper.framework; name = IOKit.framework; path = System/Library/Frameworks/IOKit.framework; sourceTree = SDKROOT; };
		B57070E21843DAB3004A0628 /* OpenGL.framework */ = {isa = PBXFileReference; lastKnownFileType = wrapper.framework; name = OpenGL.framework; path = System/Library/Frameworks/OpenGL.framework; sourceTree = SDKROOT; };
		B57070E41843DAB9004A0628 /* Cocoa.framework */ = {isa = PBXFileReference; lastKnownFileType = wrapper.framework; name = Cocoa.framework; path = System/Library/Frameworks/Cocoa.framework; sourceTree = SDKROOT; };
		B57070F21843E936004A0628 /* BlockEngine.cpp */ = {isa = PBXFileReference; fileEncoding = 4; lastKnownFileType = sourcecode.cpp.cpp; path = BlockEngine.cpp; sourceTree = "<group>"; };
		B57070F31843E936004A0628 /* BlockEngine.h */ = {isa = PBXFileReference; fileEncoding = 4; lastKnownFileType = sourcecode.c.h; path = BlockEngine.h; sourceTree = "<group>"; };
		B57070F51843F066004A0628 /* CsTexturas.cpp */ = {isa = PBXFileReference; fileEncoding = 4; lastKnownFileType = sourcecode.cpp.cpp; path = CsTexturas.cpp; sourceTree = "<group>"; };
		B57070F61843F066004A0628 /* CsTexturas.h */ = {isa = PBXFileReference; fileEncoding = 4; lastKnownFileType = sourcecode.c.h; path = CsTexturas.h; sourceTree = "<group>"; };
		B57070F91843F17B004A0628 /* lodepng.cpp */ = {isa = PBXFileReference; lastKnownFileType = sourcecode.cpp.cpp; path = lodepng.cpp; sourceTree = "<group>"; };
		B57070FA1843F17B004A0628 /* lodepng.h */ = {isa = PBXFileReference; lastKnownFileType = sourcecode.c.h; path = lodepng.h; sourceTree = "<group>"; };
		B57070FC1843F478004A0628 /* BackGround.cpp */ = {isa = PBXFileReference; fileEncoding = 4; lastKnownFileType = sourcecode.cpp.cpp; path = BackGround.cpp; sourceTree = "<group>"; };
		B57070FD1843F478004A0628 /* BackGround.h */ = {isa = PBXFileReference; fileEncoding = 4; lastKnownFileType = sourcecode.c.h; path = BackGround.h; sourceTree = "<group>"; };
		B57070FF1843FD3E004A0628 /* config_manager.h */ = {isa = PBXFileReference; lastKnownFileType = sourcecode.c.h; path = config_manager.h; sourceTree = "<group>"; };
		B57071001843FD4F004A0628 /* config_manager.c */ = {isa = PBXFileReference; fileEncoding = 4; lastKnownFileType = sourcecode.c.c; path = config_manager.c; sourceTree = "<group>"; };
		B5BEF36B1843D32D0092D804 /* Game01 */ = {isa = PBXFileReference; explicitFileType = "compiled.mach-o.executable"; includeInIndex = 0; path = Game01; sourceTree = BUILT_PRODUCTS_DIR; };
		B5BEF36E1843D32D0092D804 /* main.cpp */ = {isa = PBXFileReference; lastKnownFileType = sourcecode.cpp.cpp; path = main.cpp; sourceTree = "<group>"; };
		B5BEF3701843D32D0092D804 /* Game01.1 */ = {isa = PBXFileReference; lastKnownFileType = text.man; path = Game01.1; sourceTree = "<group>"; };
		B5C629BA1844ECF400DF5E49 /* CSimpleIntegrator.cpp */ = {isa = PBXFileReference; fileEncoding = 4; lastKnownFileType = sourcecode.cpp.cpp; path = CSimpleIntegrator.cpp; sourceTree = "<group>"; };
		B5C629BB1844ECF400DF5E49 /* CSimpleIntegrator.h */ = {isa = PBXFileReference; fileEncoding = 4; lastKnownFileType = sourcecode.c.h; path = CSimpleIntegrator.h; sourceTree = "<group>"; };
		B5CED1D21843FDF900F666E3 /* utilidades.h */ = {isa = PBXFileReference; lastKnownFileType = sourcecode.c.h; path = utilidades.h; sourceTree = "<group>"; };
		B5CED1D31843FE0C00F666E3 /* utilidades.c */ = {isa = PBXFileReference; fileEncoding = 4; lastKnownFileType = sourcecode.c.c; path = utilidades.c; sourceTree = "<group>"; };
		B5CED1D51844007100F666E3 /* Constantes.h */ = {isa = PBXFileReference; lastKnownFileType = sourcecode.c.h; path = Constantes.h; sourceTree = "<group>"; };
		B5DB9910184DA96C0064135F /* CLVector2DLib.h */ = {isa = PBXFileReference; lastKnownFileType = sourcecode.c.h; path = CLVector2DLib.h; sourceTree = "<group>"; };
		B5DB9911184DA9830064135F /* CLVector2DLib.c */ = {isa = PBXFileReference; fileEncoding = 4; lastKnownFileType = sourcecode.c.c; path = CLVector2DLib.c; sourceTree = "<group>"; };
		B5DB9913184DAF0F0064135F /* CLFObjetos.c */ = {isa = PBXFileReference; fileEncoding = 4; lastKnownFileType = sourcecode.c.c; path = CLFObjetos.c; sourceTree = "<group>"; };
		B5DB9915184DAF160064135F /* CLFObjetos.h */ = {isa = PBXFileReference; lastKnownFileType = sourcecode.c.h; path = CLFObjetos.h; sourceTree = "<group>"; };
		B5DB9916184DC9A90064135F /* CLFColision.h */ = {isa = PBXFileReference; lastKnownFileType = sourcecode.c.h; path = CLFColision.h; sourceTree = "<group>"; };
		B5DB9917184DC9BA0064135F /* CLFColision.c */ = {isa = PBXFileReference; fileEncoding = 4; lastKnownFileType = sourcecode.c.c; path = CLFColision.c; sourceTree = "<group>"; };
/* End PBXFileReference section */

/* Begin PBXFrameworksBuildPhase section */
		B5BEF3681843D32D0092D804 /* Frameworks */ = {
			isa = PBXFrameworksBuildPhase;
			buildActionMask = 2147483647;
			files = (
				B57070E51843DAB9004A0628 /* Cocoa.framework in Frameworks */,
				B57070E31843DAB3004A0628 /* OpenGL.framework in Frameworks */,
				B57070E11843DAAD004A0628 /* IOKit.framework in Frameworks */,
			);
			runOnlyForDeploymentPostprocessing = 0;
		};
/* End PBXFrameworksBuildPhase section */

/* Begin PBXGroup section */
		B5706FEE1843D48B004A0628 /* lib */ = {
			isa = PBXGroup;
			children = (
				B57070F81843F17B004A0628 /* lodepng */,
				B57070E41843DAB9004A0628 /* Cocoa.framework */,
				B57070E21843DAB3004A0628 /* OpenGL.framework */,
				B57070E01843DAAD004A0628 /* IOKit.framework */,
				B57070D41843D628004A0628 /* graphic_engine.c */,
				B57070D51843D628004A0628 /* graphic_engine.h */,
				B57070FF1843FD3E004A0628 /* config_manager.h */,
				B57071001843FD4F004A0628 /* config_manager.c */,
				B5CED1D21843FDF900F666E3 /* utilidades.h */,
				B5CED1D31843FE0C00F666E3 /* utilidades.c */,
				B5706FEF1843D49C004A0628 /* glm */,
			);
			name = lib;
			sourceTree = "<group>";
		};
		B5706FEF1843D49C004A0628 /* glm */ = {
			isa = PBXGroup;
			children = (
				B5706FF01843D49C004A0628 /* CMakeLists.txt */,
				B5706FF11843D49C004A0628 /* core */,
				B570703D1843D49C004A0628 /* ext.hpp */,
				B570703E1843D49C004A0628 /* glm.hpp */,
				B570703F1843D49C004A0628 /* gtc */,
				B570705D1843D49C004A0628 /* gtx */,
				B57070D21843D49D004A0628 /* virtrev */,
			);
			path = glm;
			sourceTree = "<group>";
		};
		B5706FF11843D49C004A0628 /* core */ = {
			isa = PBXGroup;
			children = (
				B5706FF21843D49C004A0628 /* _detail.hpp */,
				B5706FF31843D49C004A0628 /* _fixes.hpp */,
				B5706FF41843D49C004A0628 /* _swizzle.hpp */,
				B5706FF51843D49C004A0628 /* _swizzle_func.hpp */,
				B5706FF61843D49C004A0628 /* _vectorize.hpp */,
				B5706FF71843D49C004A0628 /* func_common.hpp */,
				B5706FF81843D49C004A0628 /* func_common.inl */,
				B5706FF91843D49C004A0628 /* func_exponential.hpp */,
				B5706FFA1843D49C004A0628 /* func_exponential.inl */,
				B5706FFB1843D49C004A0628 /* func_geometric.hpp */,
				B5706FFC1843D49C004A0628 /* func_geometric.inl */,
				B5706FFD1843D49C004A0628 /* func_integer.hpp */,
				B5706FFE1843D49C004A0628 /* func_integer.inl */,
				B5706FFF1843D49C004A0628 /* func_matrix.hpp */,
				B57070001843D49C004A0628 /* func_matrix.inl */,
				B57070011843D49C004A0628 /* func_noise.hpp */,
				B57070021843D49C004A0628 /* func_noise.inl */,
				B57070031843D49C004A0628 /* func_packing.hpp */,
				B57070041843D49C004A0628 /* func_packing.inl */,
				B57070051843D49C004A0628 /* func_trigonometric.hpp */,
				B57070061843D49C004A0628 /* func_trigonometric.inl */,
				B57070071843D49C004A0628 /* func_vector_relational.hpp */,
				B57070081843D49C004A0628 /* func_vector_relational.inl */,
				B57070091843D49C004A0628 /* hint.hpp */,
				B570700A1843D49C004A0628 /* intrinsic_common.hpp */,
				B570700B1843D49C004A0628 /* intrinsic_common.inl */,
				B570700C1843D49C004A0628 /* intrinsic_exponential.hpp */,
				B570700D1843D49C004A0628 /* intrinsic_exponential.inl */,
				B570700E1843D49C004A0628 /* intrinsic_geometric.hpp */,
				B570700F1843D49C004A0628 /* intrinsic_geometric.inl */,
				B57070101843D49C004A0628 /* intrinsic_matrix.hpp */,
				B57070111843D49C004A0628 /* intrinsic_matrix.inl */,
				B57070121843D49C004A0628 /* intrinsic_trigonometric.hpp */,
				B57070131843D49C004A0628 /* intrinsic_trigonometric.inl */,
				B57070141843D49C004A0628 /* intrinsic_vector_relational.hpp */,
				B57070151843D49C004A0628 /* intrinsic_vector_relational.inl */,
				B57070161843D49C004A0628 /* setup.hpp */,
				B57070171843D49C004A0628 /* type.hpp */,
				B57070181843D49C004A0628 /* type_float.hpp */,
				B57070191843D49C004A0628 /* type_gentype.hpp */,
				B570701A1843D49C004A0628 /* type_gentype.inl */,
				B570701B1843D49C004A0628 /* type_half.hpp */,
				B570701C1843D49C004A0628 /* type_half.inl */,
				B570701D1843D49C004A0628 /* type_int.hpp */,
				B570701E1843D49C004A0628 /* type_mat.hpp */,
				B570701F1843D49C004A0628 /* type_mat.inl */,
				B57070201843D49C004A0628 /* type_mat2x2.hpp */,
				B57070211843D49C004A0628 /* type_mat2x2.inl */,
				B57070221843D49C004A0628 /* type_mat2x3.hpp */,
				B57070231843D49C004A0628 /* type_mat2x3.inl */,
				B57070241843D49C004A0628 /* type_mat2x4.hpp */,
				B57070251843D49C004A0628 /* type_mat2x4.inl */,
				B57070261843D49C004A0628 /* type_mat3x2.hpp */,
				B57070271843D49C004A0628 /* type_mat3x2.inl */,
				B57070281843D49C004A0628 /* type_mat3x3.hpp */,
				B57070291843D49C004A0628 /* type_mat3x3.inl */,
				B570702A1843D49C004A0628 /* type_mat3x4.hpp */,
				B570702B1843D49C004A0628 /* type_mat3x4.inl */,
				B570702C1843D49C004A0628 /* type_mat4x2.hpp */,
				B570702D1843D49C004A0628 /* type_mat4x2.inl */,
				B570702E1843D49C004A0628 /* type_mat4x3.hpp */,
				B570702F1843D49C004A0628 /* type_mat4x3.inl */,
				B57070301843D49C004A0628 /* type_mat4x4.hpp */,
				B57070311843D49C004A0628 /* type_mat4x4.inl */,
				B57070321843D49C004A0628 /* type_size.hpp */,
				B57070331843D49C004A0628 /* type_vec.hpp */,
				B57070341843D49C004A0628 /* type_vec.inl */,
				B57070351843D49C004A0628 /* type_vec1.hpp */,
				B57070361843D49C004A0628 /* type_vec1.inl */,
				B57070371843D49C004A0628 /* type_vec2.hpp */,
				B57070381843D49C004A0628 /* type_vec2.inl */,
				B57070391843D49C004A0628 /* type_vec3.hpp */,
				B570703A1843D49C004A0628 /* type_vec3.inl */,
				B570703B1843D49C004A0628 /* type_vec4.hpp */,
				B570703C1843D49C004A0628 /* type_vec4.inl */,
			);
			path = core;
			sourceTree = "<group>";
		};
		B570703F1843D49C004A0628 /* gtc */ = {
			isa = PBXGroup;
			children = (
				B57070401843D49C004A0628 /* constants.hpp */,
				B57070411843D49C004A0628 /* constants.inl */,
				B57070421843D49C004A0628 /* epsilon.hpp */,
				B57070431843D49C004A0628 /* epsilon.inl */,
				B57070441843D49C004A0628 /* half_float.hpp */,
				B57070451843D49C004A0628 /* half_float.inl */,
				B57070461843D49C004A0628 /* matrix_access.hpp */,
				B57070471843D49C004A0628 /* matrix_access.inl */,
				B57070481843D49C004A0628 /* matrix_integer.hpp */,
				B57070491843D49C004A0628 /* matrix_inverse.hpp */,
				B570704A1843D49C004A0628 /* matrix_inverse.inl */,
				B570704B1843D49C004A0628 /* matrix_transform.hpp */,
				B570704C1843D49C004A0628 /* matrix_transform.inl */,
				B570704D1843D49C004A0628 /* noise.hpp */,
				B570704E1843D49C004A0628 /* noise.inl */,
				B570704F1843D49C004A0628 /* quaternion.hpp */,
				B57070501843D49C004A0628 /* quaternion.inl */,
				B57070511843D49C004A0628 /* random.hpp */,
				B57070521843D49C004A0628 /* random.inl */,
				B57070531843D49C004A0628 /* reciprocal.hpp */,
				B57070541843D49C004A0628 /* reciprocal.inl */,
				B57070551843D49C004A0628 /* swizzle.hpp */,
				B57070561843D49C004A0628 /* swizzle.inl */,
				B57070571843D49C004A0628 /* type_precision.hpp */,
				B57070581843D49C004A0628 /* type_precision.inl */,
				B57070591843D49C004A0628 /* type_ptr.hpp */,
				B570705A1843D49C004A0628 /* type_ptr.inl */,
				B570705B1843D49C004A0628 /* ulp.hpp */,
				B570705C1843D49C004A0628 /* ulp.inl */,
			);
			path = gtc;
			sourceTree = "<group>";
		};
		B570705D1843D49C004A0628 /* gtx */ = {
			isa = PBXGroup;
			children = (
				B570705E1843D49C004A0628 /* associated_min_max.hpp */,
				B570705F1843D49C004A0628 /* associated_min_max.inl */,
				B57070601843D49C004A0628 /* bit.hpp */,
				B57070611843D49C004A0628 /* bit.inl */,
				B57070621843D49C004A0628 /* closest_point.hpp */,
				B57070631843D49C004A0628 /* closest_point.inl */,
				B57070641843D49C004A0628 /* color_cast.hpp */,
				B57070651843D49C004A0628 /* color_cast.inl */,
				B57070661843D49C004A0628 /* color_space.hpp */,
				B57070671843D49C004A0628 /* color_space.inl */,
				B57070681843D49C004A0628 /* color_space_YCoCg.hpp */,
				B57070691843D49C004A0628 /* color_space_YCoCg.inl */,
				B570706A1843D49C004A0628 /* compatibility.hpp */,
				B570706B1843D49C004A0628 /* compatibility.inl */,
				B570706C1843D49C004A0628 /* component_wise.hpp */,
				B570706D1843D49C004A0628 /* component_wise.inl */,
				B570706E1843D49C004A0628 /* constants.hpp */,
				B570706F1843D49C004A0628 /* epsilon.hpp */,
				B57070701843D49C004A0628 /* euler_angles.hpp */,
				B57070711843D49C004A0628 /* euler_angles.inl */,
				B57070721843D49C004A0628 /* extend.hpp */,
				B57070731843D49C004A0628 /* extend.inl */,
				B57070741843D49C004A0628 /* extented_min_max.hpp */,
				B57070751843D49C004A0628 /* extented_min_max.inl */,
				B57070761843D49C004A0628 /* fast_exponential.hpp */,
				B57070771843D49C004A0628 /* fast_exponential.inl */,
				B57070781843D49C004A0628 /* fast_square_root.hpp */,
				B57070791843D49C004A0628 /* fast_square_root.inl */,
				B570707A1843D49C004A0628 /* fast_trigonometry.hpp */,
				B570707B1843D49C004A0628 /* fast_trigonometry.inl */,
				B570707C1843D49C004A0628 /* gradient_paint.hpp */,
				B570707D1843D49C004A0628 /* gradient_paint.inl */,
				B570707E1843D49C004A0628 /* handed_coordinate_space.hpp */,
				B570707F1843D49C004A0628 /* handed_coordinate_space.inl */,
				B57070801843D49D004A0628 /* inertia.hpp */,
				B57070811843D49D004A0628 /* inertia.inl */,
				B57070821843D49D004A0628 /* int_10_10_10_2.hpp */,
				B57070831843D49D004A0628 /* int_10_10_10_2.inl */,
				B57070841843D49D004A0628 /* integer.hpp */,
				B57070851843D49D004A0628 /* integer.inl */,
				B57070861843D49D004A0628 /* intersect.hpp */,
				B57070871843D49D004A0628 /* intersect.inl */,
				B57070881843D49D004A0628 /* log_base.hpp */,
				B57070891843D49D004A0628 /* log_base.inl */,
				B570708A1843D49D004A0628 /* matrix_cross_product.hpp */,
				B570708B1843D49D004A0628 /* matrix_cross_product.inl */,
				B570708C1843D49D004A0628 /* matrix_interpolation.hpp */,
				B570708D1843D49D004A0628 /* matrix_interpolation.inl */,
				B570708E1843D49D004A0628 /* matrix_major_storage.hpp */,
				B570708F1843D49D004A0628 /* matrix_major_storage.inl */,
				B57070901843D49D004A0628 /* matrix_operation.hpp */,
				B57070911843D49D004A0628 /* matrix_operation.inl */,
				B57070921843D49D004A0628 /* matrix_query.hpp */,
				B57070931843D49D004A0628 /* matrix_query.inl */,
				B57070941843D49D004A0628 /* mixed_product.hpp */,
				B57070951843D49D004A0628 /* mixed_product.inl */,
				B57070961843D49D004A0628 /* multiple.hpp */,
				B57070971843D49D004A0628 /* multiple.inl */,
				B57070981843D49D004A0628 /* noise.hpp */,
				B57070991843D49D004A0628 /* norm.hpp */,
				B570709A1843D49D004A0628 /* norm.inl */,
				B570709B1843D49D004A0628 /* normal.hpp */,
				B570709C1843D49D004A0628 /* normal.inl */,
				B570709D1843D49D004A0628 /* normalize_dot.hpp */,
				B570709E1843D49D004A0628 /* normalize_dot.inl */,
				B570709F1843D49D004A0628 /* number_precision.hpp */,
				B57070A01843D49D004A0628 /* number_precision.inl */,
				B57070A11843D49D004A0628 /* ocl_type.hpp */,
				B57070A21843D49D004A0628 /* ocl_type.inl */,
				B57070A31843D49D004A0628 /* optimum_pow.hpp */,
				B57070A41843D49D004A0628 /* optimum_pow.inl */,
				B57070A51843D49D004A0628 /* orthonormalize.hpp */,
				B57070A61843D49D004A0628 /* orthonormalize.inl */,
				B57070A71843D49D004A0628 /* perpendicular.hpp */,
				B57070A81843D49D004A0628 /* perpendicular.inl */,
				B57070A91843D49D004A0628 /* polar_coordinates.hpp */,
				B57070AA1843D49D004A0628 /* polar_coordinates.inl */,
				B57070AB1843D49D004A0628 /* projection.hpp */,
				B57070AC1843D49D004A0628 /* projection.inl */,
				B57070AD1843D49D004A0628 /* quaternion.hpp */,
				B57070AE1843D49D004A0628 /* quaternion.inl */,
				B57070AF1843D49D004A0628 /* random.hpp */,
				B57070B01843D49D004A0628 /* raw_data.hpp */,
				B57070B11843D49D004A0628 /* raw_data.inl */,
				B57070B21843D49D004A0628 /* reciprocal.hpp */,
				B57070B31843D49D004A0628 /* rotate_vector.hpp */,
				B57070B41843D49D004A0628 /* rotate_vector.inl */,
				B57070B51843D49D004A0628 /* simd_mat4.hpp */,
				B57070B61843D49D004A0628 /* simd_mat4.inl */,
				B57070B71843D49D004A0628 /* simd_vec4.hpp */,
				B57070B81843D49D004A0628 /* simd_vec4.inl */,
				B57070B91843D49D004A0628 /* spline.hpp */,
				B57070BA1843D49D004A0628 /* spline.inl */,
				B57070BB1843D49D004A0628 /* std_based_type.hpp */,
				B57070BC1843D49D004A0628 /* std_based_type.inl */,
				B57070BD1843D49D004A0628 /* string_cast.hpp */,
				B57070BE1843D49D004A0628 /* string_cast.inl */,
				B57070BF1843D49D004A0628 /* transform.hpp */,
				B57070C01843D49D004A0628 /* transform.inl */,
				B57070C11843D49D004A0628 /* transform2.hpp */,
				B57070C21843D49D004A0628 /* transform2.inl */,
				B57070C31843D49D004A0628 /* ulp.hpp */,
				B57070C41843D49D004A0628 /* unsigned_int.hpp */,
				B57070C51843D49D004A0628 /* unsigned_int.inl */,
				B57070C61843D49D004A0628 /* vec1.hpp */,
				B57070C71843D49D004A0628 /* vec1.inl */,
				B57070C81843D49D004A0628 /* vector_access.hpp */,
				B57070C91843D49D004A0628 /* vector_access.inl */,
				B57070CA1843D49D004A0628 /* vector_angle.hpp */,
				B57070CB1843D49D004A0628 /* vector_angle.inl */,
				B57070CC1843D49D004A0628 /* vector_query.hpp */,
				B57070CD1843D49D004A0628 /* vector_query.inl */,
				B57070CE1843D49D004A0628 /* verbose_operator.hpp */,
				B57070CF1843D49D004A0628 /* verbose_operator.inl */,
				B57070D01843D49D004A0628 /* wrap.hpp */,
				B57070D11843D49D004A0628 /* wrap.inl */,
			);
			path = gtx;
			sourceTree = "<group>";
		};
		B57070D21843D49D004A0628 /* virtrev */ = {
			isa = PBXGroup;
			children = (
				B57070D31843D49D004A0628 /* xstream.hpp */,
			);
			path = virtrev;
			sourceTree = "<group>";
		};
		B57070E61843DAC1004A0628 /* CCObjects */ = {
			isa = PBXGroup;
			children = (
				B5C629B61844EB1500DF5E49 /* fisica */,
				B57070DA1843D7B1004A0628 /* BlockTest.cpp */,
				B57070DB1843D7B1004A0628 /* BlockTest.h */,
				B57070F31843E936004A0628 /* BlockEngine.h */,
				B57070F21843E936004A0628 /* BlockEngine.cpp */,
				B57070FD1843F478004A0628 /* BackGround.h */,
				B57070FC1843F478004A0628 /* BackGround.cpp */,
				B53D62DA18446E7500005502 /* Bloques.cpp */,
				B53D62DB18446E7500005502 /* Bloques.h */,
				B53D62DD1844879000005502 /* CCursor.cpp */,
				B53D62DE1844879000005502 /* CCursor.h */,
			);
			name = CCObjects;
			sourceTree = "<group>";
		};
		B57070E81843DAEF004A0628 /* GL */ = {
			isa = PBXGroup;
			children = (
				B57070D71843D641004A0628 /* ShaderManager.cpp */,
				B57070D81843D641004A0628 /* ShaderManager.h */,
				B57070DD1843D7D7004A0628 /* Renderable.cpp */,
				B57070DE1843D7D7004A0628 /* Renderable.h */,
				B57070F51843F066004A0628 /* CsTexturas.cpp */,
				B57070F61843F066004A0628 /* CsTexturas.h */,
			);
			name = GL;
			sourceTree = "<group>";
		};
		B57070F81843F17B004A0628 /* lodepng */ = {
			isa = PBXGroup;
			children = (
				B57070F91843F17B004A0628 /* lodepng.cpp */,
				B57070FA1843F17B004A0628 /* lodepng.h */,
			);
			path = lodepng;
			sourceTree = "<group>";
		};
		B5BEF3621843D32D0092D804 = {
			isa = PBXGroup;
			children = (
				B5BEF36D1843D32D0092D804 /* Game01 */,
				B5BEF36C1843D32D0092D804 /* Products */,
			);
			sourceTree = "<group>";
		};
		B5BEF36C1843D32D0092D804 /* Products */ = {
			isa = PBXGroup;
			children = (
				B5BEF36B1843D32D0092D804 /* Game01 */,
			);
			name = Products;
			sourceTree = "<group>";
		};
		B5BEF36D1843D32D0092D804 /* Game01 */ = {
			isa = PBXGroup;
			children = (
				B5CED1D61844008800F666E3 /* constantes */,
				B57070E81843DAEF004A0628 /* GL */,
				B57070E61843DAC1004A0628 /* CCObjects */,
				B5706FEE1843D48B004A0628 /* lib */,
				B5706FE81843D439004A0628 /* CoreGame.cpp */,
				B5706FE91843D439004A0628 /* CoreGame.h */,
				B53D62D7184462D000005502 /* CsBackEnd.cpp */,
				B53D62D8184462D000005502 /* CsBackEnd.h */,
				B53D62E0184490C000005502 /* CEntrada.cpp */,
				B53D62E1184490C000005502 /* CEntrada.h */,
				B5BEF36E1843D32D0092D804 /* main.cpp */,
				B5BEF3701843D32D0092D804 /* Game01.1 */,
				B5706FEB1843D468004A0628 /* CCamara.cpp */,
				B5706FEC1843D468004A0628 /* CCamara.h */,
			);
			path = Game01;
			sourceTree = "<group>";
		};
		B5C629B61844EB1500DF5E49 /* fisica */ = {
			isa = PBXGroup;
			children = (
				B5DB9909184DA3350064135F /* fisik_new */,
				B5C629BB1844ECF400DF5E49 /* CSimpleIntegrator.h */,
				B5C629BA1844ECF400DF5E49 /* CSimpleIntegrator.cpp */,
			);
			name = fisica;
			sourceTree = "<group>";
		};
		B5CED1D61844008800F666E3 /* constantes */ = {
			isa = PBXGroup;
			children = (
				B5CED1D51844007100F666E3 /* Constantes.h */,
			);
			name = constantes;
			sourceTree = "<group>";
		};
		B5DB9909184DA3350064135F /* fisik_new */ = {
			isa = PBXGroup;
			children = (
				B5DB9910184DA96C0064135F /* CLVector2DLib.h */,
				B5DB9911184DA9830064135F /* CLVector2DLib.c */,
				B5DB9915184DAF160064135F /* CLFObjetos.h */,
				B5DB9913184DAF0F0064135F /* CLFObjetos.c */,
				B5DB9916184DC9A90064135F /* CLFColision.h */,
				B5DB9917184DC9BA0064135F /* CLFColision.c */,
				B553414E184EDA8C0095D33A /* CLFiguras.h */,
				B553414F184EDA9E0095D33A /* CLFiguras.c */,
				B55F1E20184ED1CB00CFF2D4 /* CLFDataType.h */,
			);
			name = fisik_new;
			sourceTree = "<group>";
		};
/* End PBXGroup section */

/* Begin PBXNativeTarget section */
		B5BEF36A1843D32D0092D804 /* Game01 */ = {
			isa = PBXNativeTarget;
			buildConfigurationList = B5BEF3741843D32D0092D804 /* Build configuration list for PBXNativeTarget "Game01" */;
			buildPhases = (
				B5BEF3671843D32D0092D804 /* Sources */,
				B5BEF3681843D32D0092D804 /* Frameworks */,
				B5BEF3691843D32D0092D804 /* CopyFiles */,
			);
			buildRules = (
			);
			dependencies = (
			);
			name = Game01;
			productName = Game01;
			productReference = B5BEF36B1843D32D0092D804 /* Game01 */;
			productType = "com.apple.product-type.tool";
		};
/* End PBXNativeTarget section */

/* Begin PBXProject section */
		B5BEF3631843D32D0092D804 /* Project object */ = {
			isa = PBXProject;
			attributes = {
				LastUpgradeCheck = 0500;
				ORGANIZATIONNAME = "Cesar Luis Valdez";
			};
			buildConfigurationList = B5BEF3661843D32D0092D804 /* Build configuration list for PBXProject "Game01" */;
			compatibilityVersion = "Xcode 3.2";
			developmentRegion = English;
			hasScannedForEncodings = 0;
			knownRegions = (
				en,
			);
			mainGroup = B5BEF3621843D32D0092D804;
			productRefGroup = B5BEF36C1843D32D0092D804 /* Products */;
			projectDirPath = "";
			projectRoot = "";
			targets = (
				B5BEF36A1843D32D0092D804 /* Game01 */,
			);
		};
/* End PBXProject section */

/* Begin PBXSourcesBuildPhase section */
		B5BEF3671843D32D0092D804 /* Sources */ = {
			isa = PBXSourcesBuildPhase;
			buildActionMask = 2147483647;
			files = (
				B5DB9914184DAF0F0064135F /* CLFObjetos.c in Sources */,
				B5DB9918184DC9BA0064135F /* CLFColision.c in Sources */,
				B57070FB1843F3DA004A0628 /* lodepng.cpp in Sources */,
				B57070D91843D641004A0628 /* ShaderManager.cpp in Sources */,
				B5DB9912184DA9830064135F /* CLVector2DLib.c in Sources */,
				B53D62D9184462D000005502 /* CsBackEnd.cpp in Sources */,
				B5C629BC1844ECF400DF5E49 /* CSimpleIntegrator.cpp in Sources */,
				B57070F41843E936004A0628 /* BlockEngine.cpp in Sources */,
				B57070D61843D628004A0628 /* graphic_engine.c in Sources */,
				B57070FE1843F478004A0628 /* BackGround.cpp in Sources */,
				B53D62E2184490C000005502 /* CEntrada.cpp in Sources */,
				B57071011843FD4F004A0628 /* config_manager.c in Sources */,
				B53D62DC18446E7500005502 /* Bloques.cpp in Sources */,
				B5534150184EDA9E0095D33A /* CLFiguras.c in Sources */,
				B5706FEA1843D439004A0628 /* CoreGame.cpp in Sources */,
				B57070DC1843D7B1004A0628 /* BlockTest.cpp in Sources */,
				B5706FED1843D468004A0628 /* CCamara.cpp in Sources */,
				B57070F71843F066004A0628 /* CsTexturas.cpp in Sources */,
				B5BEF36F1843D32D0092D804 /* main.cpp in Sources */,
				B53D62DF1844879000005502 /* CCursor.cpp in Sources */,
				B57070DF1843D7D7004A0628 /* Renderable.cpp in Sources */,
				B5CED1D41843FE0C00F666E3 /* utilidades.c in Sources */,
			);
			runOnlyForDeploymentPostprocessing = 0;
		};
/* End PBXSourcesBuildPhase section */

/* Begin XCBuildConfiguration section */
		B5BEF3721843D32D0092D804 /* Debug */ = {
			isa = XCBuildConfiguration;
			buildSettings = {
				ALWAYS_SEARCH_USER_PATHS = YES;
				CLANG_CXX_LANGUAGE_STANDARD = "gnu++0x";
				CLANG_CXX_LIBRARY = "libc++";
				CLANG_ENABLE_OBJC_ARC = YES;
				CLANG_WARN_BOOL_CONVERSION = YES;
				CLANG_WARN_CONSTANT_CONVERSION = YES;
				CLANG_WARN_DIRECT_OBJC_ISA_USAGE = YES_ERROR;
				CLANG_WARN_EMPTY_BODY = YES;
				CLANG_WARN_ENUM_CONVERSION = YES;
				CLANG_WARN_INT_CONVERSION = YES;
				CLANG_WARN_OBJC_ROOT_CLASS = YES_ERROR;
				CLANG_WARN__DUPLICATE_METHOD_MATCH = YES;
				COPY_PHASE_STRIP = NO;
				GCC_C_LANGUAGE_STANDARD = gnu99;
				GCC_DYNAMIC_NO_PIC = NO;
				GCC_ENABLE_OBJC_EXCEPTIONS = YES;
				GCC_OPTIMIZATION_LEVEL = 0;
				GCC_PREPROCESSOR_DEFINITIONS = (
					"DEBUG=1",
					"$(inherited)",
				);
				GCC_SYMBOLS_PRIVATE_EXTERN = NO;
				GCC_WARN_64_TO_32_BIT_CONVERSION = YES;
				GCC_WARN_ABOUT_RETURN_TYPE = YES_ERROR;
				GCC_WARN_UNDECLARED_SELECTOR = YES;
				GCC_WARN_UNINITIALIZED_AUTOS = YES;
				GCC_WARN_UNUSED_FUNCTION = YES;
				GCC_WARN_UNUSED_VARIABLE = YES;
				LIBRARY_SEARCH_PATHS = /usr/local/lib;
				MACOSX_DEPLOYMENT_TARGET = 10.9;
				ONLY_ACTIVE_ARCH = YES;
				OTHER_LDFLAGS = "-lglfw3";
				SDKROOT = macosx;
				USER_HEADER_SEARCH_PATHS = "/usr/local/include/** ${PROJECT_DIR}/**";
			};
			name = Debug;
		};
		B5BEF3731843D32D0092D804 /* Release */ = {
			isa = XCBuildConfiguration;
			buildSettings = {
				ALWAYS_SEARCH_USER_PATHS = YES;
				CLANG_CXX_LANGUAGE_STANDARD = "gnu++0x";
				CLANG_CXX_LIBRARY = "libc++";
				CLANG_ENABLE_OBJC_ARC = YES;
				CLANG_WARN_BOOL_CONVERSION = YES;
				CLANG_WARN_CONSTANT_CONVERSION = YES;
				CLANG_WARN_DIRECT_OBJC_ISA_USAGE = YES_ERROR;
				CLANG_WARN_EMPTY_BODY = YES;
				CLANG_WARN_ENUM_CONVERSION = YES;
				CLANG_WARN_INT_CONVERSION = YES;
				CLANG_WARN_OBJC_ROOT_CLASS = YES_ERROR;
				CLANG_WARN__DUPLICATE_METHOD_MATCH = YES;
				COPY_PHASE_STRIP = YES;
				DEBUG_INFORMATION_FORMAT = "dwarf-with-dsym";
				ENABLE_NS_ASSERTIONS = NO;
				GCC_C_LANGUAGE_STANDARD = gnu99;
				GCC_ENABLE_OBJC_EXCEPTIONS = YES;
				GCC_WARN_64_TO_32_BIT_CONVERSION = YES;
				GCC_WARN_ABOUT_RETURN_TYPE = YES_ERROR;
				GCC_WARN_UNDECLARED_SELECTOR = YES;
				GCC_WARN_UNINITIALIZED_AUTOS = YES;
				GCC_WARN_UNUSED_FUNCTION = YES;
				GCC_WARN_UNUSED_VARIABLE = YES;
				LIBRARY_SEARCH_PATHS = /usr/local/lib;
				MACOSX_DEPLOYMENT_TARGET = 10.9;
				OTHER_LDFLAGS = "-lglfw3";
				SDKROOT = macosx;
				USER_HEADER_SEARCH_PATHS = "/usr/local/include/** ${PROJECT_DIR}/**";
			};
			name = Release;
		};
		B5BEF3751843D32D0092D804 /* Debug */ = {
			isa = XCBuildConfiguration;
			buildSettings = {
				ALWAYS_SEARCH_USER_PATHS = YES;
				LIBRARY_SEARCH_PATHS = /usr/local/lib;
				OTHER_LDFLAGS = "-lglfw3";
				PRODUCT_NAME = "$(TARGET_NAME)";
				USER_HEADER_SEARCH_PATHS = "/usr/local/include/** ${PROJECT_DIR}/**";
			};
			name = Debug;
		};
		B5BEF3761843D32D0092D804 /* Release */ = {
			isa = XCBuildConfiguration;
			buildSettings = {
				ALWAYS_SEARCH_USER_PATHS = YES;
				LIBRARY_SEARCH_PATHS = /usr/local/lib;
				OTHER_LDFLAGS = "-lglfw3";
				PRODUCT_NAME = "$(TARGET_NAME)";
				USER_HEADER_SEARCH_PATHS = "/usr/local/include/** ${PROJECT_DIR}/**";
			};
			name = Release;
		};
/* End XCBuildConfiguration section */

/* Begin XCConfigurationList section */
		B5BEF3661843D32D0092D804 /* Build configuration list for PBXProject "Game01" */ = {
			isa = XCConfigurationList;
			buildConfigurations = (
				B5BEF3721843D32D0092D804 /* Debug */,
				B5BEF3731843D32D0092D804 /* Release */,
			);
			defaultConfigurationIsVisible = 0;
			defaultConfigurationName = Release;
		};
		B5BEF3741843D32D0092D804 /* Build configuration list for PBXNativeTarget "Game01" */ = {
			isa = XCConfigurationList;
			buildConfigurations = (
				B5BEF3751843D32D0092D804 /* Debug */,
				B5BEF3761843D32D0092D804 /* Release */,
			);
			defaultConfigurationIsVisible = 0;
			defaultConfigurationName = Release;
		};
/* End XCConfigurationList section */
	};
	rootObject = B5BEF3631843D32D0092D804 /* Project object */;
}
